{
  "name": "nestjs-alldata-decorator",
  "version": "1.0.0",
  "lockfileVersion": 1,
  "requires": true,
  "dependencies": {
    "@nestjs/common": {
      "version": "7.6.5",
      "resolved": "https://registry.npm.taobao.org/@nestjs/common/download/@nestjs/common-7.6.5.tgz",
      "integrity": "sha1-1ulDVFPu8tG0kjhMon+iM1h0SUk=",
      "dev": true,
      "requires": {
        "axios": "0.21.1",
        "iterare": "1.2.1",
        "tslib": "2.0.3",
        "uuid": "8.3.2"
      }
    },
    "axios": {
      "version": "0.21.1",
      "resolved": "https://registry.npm.taobao.org/axios/download/axios-0.21.1.tgz?cache=0&sync_timestamp=1608609294136&other_urls=https%3A%2F%2Fregistry.npm.taobao.org%2Faxios%2Fdownload%2Faxios-0.21.1.tgz",
      "integrity": "sha1-IlY0gZYvTWvemnbVFu8OXTwJsrg=",
      "dev": true,
      "requires": {
        "follow-redirects": "^1.10.0"
      }
    },
    "follow-redirects": {
      "version": "1.13.1",
      "resolved": "https://registry.npm.taobao.org/follow-redirects/download/follow-redirects-1.13.1.tgz?cache=0&sync_timestamp=1607916915121&other_urls=https%3A%2F%2Fregistry.npm.taobao.org%2Ffollow-redirects%2Fdownload%2Ffollow-redirects-1.13.1.tgz",
      "integrity": "sha1-X2m4Ezds7k/QR0o6uoNd8Eq3Y7c=",
      "dev": true
    },
    "iterare": {
      "version": "1.2.1",
      "resolved": "https://registry.npm.taobao.org/iterare/download/iterare-1.2.1.tgz",
      "integrity": "sha1-E5xAD/c2NpDjOr/6M8u6iSDwAEI=",
      "dev": true
    },
    "reflect-metadata": {
      "version": "0.1.13",
      "resolved": "https://registry.npm.taobao.org/reflect-metadata/download/reflect-metadata-0.1.13.tgz",
      "integrity": "sha1-Z648pXyXKiqhZCsQ/jY/4y1J3Ag=",
      "dev": true
    },
    "rxjs": {
      "version": "6.6.3",
      "resolved": "https://registry.npm.taobao.org/rxjs/download/rxjs-6.6.3.tgz?cache=0&sync_timestamp=1607305639366&other_urls=https%3A%2F%2Fregistry.npm.taobao.org%2Frxjs%2Fdownload%2Frxjs-6.6.3.tgz",
      "integrity": "sha1-jKhGNcTaqQDA05Z6buesYCce5VI=",
      "dev": true,
      "requires": {
        "tslib": "^1.9.0"
      },
      "dependencies": {
        "tslib": {
          "version": "1.14.1",
          "resolved": "https://registry.npm.taobao.org/tslib/download/tslib-1.14.1.tgz?cache=0&sync_timestamp=1609887581211&other_urls=https%3A%2F%2Fregistry.npm.taobao.org%2Ftslib%2Fdownload%2Ftslib-1.14.1.tgz",
          "integrity": "sha1-zy04vcNKE0vK8QkcQfZhni9nLQA=",
          "dev": true
        }
      }
    },
    "tslib": {
      "version": "2.0.3",
      "resolved": "https://registry.npm.taobao.org/tslib/download/tslib-2.0.3.tgz?cache=0&sync_timestamp=1609887581211&other_urls=https%3A%2F%2Fregistry.npm.taobao.org%2Ftslib%2Fdownload%2Ftslib-2.0.3.tgz",
      "integrity": "sha1-jgdBrEX8DCJuWKF7/D5kubxsphw=",
      "dev": true
    },
    "uuid": {
      "version": "8.3.2",
      "resolved": "https://registry.npm.taobao.org/uuid/download/uuid-8.3.2.tgz?cache=0&sync_timestamp=1607460081656&other_urls=https%3A%2F%2Fregistry.npm.taobao.org%2Fuuid%2Fdownload%2Fuuid-8.3.2.tgz",
      "integrity": "sha1-gNW1ztJxu5r2xEXyGhoExgbO++I=",
      "dev": true
    }
  }
}
